
Microsoft Visual Studio Solution File, Format Version 12.00
# Visual Studio 14
VisualStudioVersion = 14.0.25123.0
MinimumVisualStudioVersion = 10.0.40219.1
Project("{FAE04EC0-301F-11D3-BF4B-00C04F79EFBC}") = "Demo.RandomProjects.PostfixProcessor", "Demo.RandomProjects.PostfixProcessor\Demo.RandomProjects.PostfixProcessor.csproj", "{24DB9681-68CE-4794-8369-7060FD4DAD44}"
EndProject
Global
	GlobalSection(SolutionConfigurationPlatforms) = preSolution
		Debug|Any CPU = Debug|Any CPU
		Release|Any CPU = Release|Any CPU
	EndGlobalSection
	GlobalSection(ProjectConfigurationPlatforms) = postSolution
		{24DB9681-68CE-4794-8369-7060FD4DAD44}.Debug|Any CPU.ActiveCfg = Debug|Any CPU
		{24DB9681-68CE-4794-8369-7060FD4DAD44}.Debug|Any CPU.Build.0 = Debug|Any CPU
		{24DB9681-68CE-4794-8369-7060FD4DAD44}.Release|Any CPU.ActiveCfg = Release|Any CPU
		{24DB9681-68CE-4794-8369-7060FD4DAD44}.Release|Any CPU.Build.0 = Release|Any CPU
	EndGlobalSection
	GlobalSection(SolutionProperties) = preSolution
		HideSolutionNode = FALSE
	EndGlobalSection
EndGlobal
